
Microsoft Visual Studio Solution File, Format Version 12.00
# Visual Studio Version 17
VisualStudioVersion = 17.2.32616.157
MinimumVisualStudioVersion = 10.0.40219.1
Project("{FAE04EC0-301F-11D3-BF4B-00C04F79EFBC}") = "PreRegistrationDemo", "PreRegistrationDemo\PreRegistrationDemo.csproj", "{3BD59C9F-77B6-4072-9C39-2B9D3EE059EB}"
EndProject
Global
	GlobalSection(SolutionConfigurationPlatforms) = preSolution
		Debug|Any CPU = Debug|Any CPU
		Release|Any CPU = Release|Any CPU
	EndGlobalSection
	GlobalSection(ProjectConfigurationPlatforms) = postSolution
		{3BD59C9F-77B6-4072-9C39-2B9D3EE059EB}.Debug|Any CPU.ActiveCfg = Debug|Any CPU
		{3BD59C9F-77B6-4072-9C39-2B9D3EE059EB}.Debug|Any CPU.Build.0 = Debug|Any CPU
		{3BD59C9F-77B6-4072-9C39-2B9D3EE059EB}.Release|Any CPU.ActiveCfg = Release|Any CPU
		{3BD59C9F-77B6-4072-9C39-2B9D3EE059EB}.Release|Any CPU.Build.0 = Release|Any CPU
	EndGlobalSection
	GlobalSection(SolutionProperties) = preSolution
		HideSolutionNode = FALSE
	EndGlobalSection
	GlobalSection(ExtensibilityGlobals) = postSolution
		SolutionGuid = {C1FC9CEE-AF9E-424E-821B-D505BBA3E275}
	EndGlobalSection
EndGlobal
