
Microsoft Visual Studio Solution File, Format Version 12.00
# Visual Studio Version 17
VisualStudioVersion = 17.2.32616.157
MinimumVisualStudioVersion = 10.0.40219.1
Project("{FAE04EC0-301F-11D3-BF4B-00C04F79EFBC}") = "IntroCodeFirstEF", "IntroCodeFirstEF\IntroCodeFirstEF.csproj", "{9BC35973-27FD-4BDA-A6F9-8FA6B0524BBE}"
EndProject
Global
	GlobalSection(SolutionConfigurationPlatforms) = preSolution
		Debug|Any CPU = Debug|Any CPU
		Release|Any CPU = Release|Any CPU
	EndGlobalSection
	GlobalSection(ProjectConfigurationPlatforms) = postSolution
		{9BC35973-27FD-4BDA-A6F9-8FA6B0524BBE}.Debug|Any CPU.ActiveCfg = Debug|Any CPU
		{9BC35973-27FD-4BDA-A6F9-8FA6B0524BBE}.Debug|Any CPU.Build.0 = Debug|Any CPU
		{9BC35973-27FD-4BDA-A6F9-8FA6B0524BBE}.Release|Any CPU.ActiveCfg = Release|Any CPU
		{9BC35973-27FD-4BDA-A6F9-8FA6B0524BBE}.Release|Any CPU.Build.0 = Release|Any CPU
	EndGlobalSection
	GlobalSection(SolutionProperties) = preSolution
		HideSolutionNode = FALSE
	EndGlobalSection
	GlobalSection(ExtensibilityGlobals) = postSolution
		SolutionGuid = {5AE65CD9-2D36-4CBD-AFD7-2215F2F9C3C3}
	EndGlobalSection
EndGlobal
