
Microsoft Visual Studio Solution File, Format Version 12.00
# Visual Studio Version 17
VisualStudioVersion = 17.2.32616.157
MinimumVisualStudioVersion = 10.0.40219.1
Project("{FAE04EC0-301F-11D3-BF4B-00C04F79EFBC}") = "Utility", "Utility\Utility.csproj", "{F465FC78-BB24-4EF5-825D-A6419F5352EF}"
EndProject
Global
	GlobalSection(SolutionConfigurationPlatforms) = preSolution
		Debug|Any CPU = Debug|Any CPU
		Release|Any CPU = Release|Any CPU
	EndGlobalSection
	GlobalSection(ProjectConfigurationPlatforms) = postSolution
		{F465FC78-BB24-4EF5-825D-A6419F5352EF}.Debug|Any CPU.ActiveCfg = Debug|Any CPU
		{F465FC78-BB24-4EF5-825D-A6419F5352EF}.Debug|Any CPU.Build.0 = Debug|Any CPU
		{F465FC78-BB24-4EF5-825D-A6419F5352EF}.Release|Any CPU.ActiveCfg = Release|Any CPU
		{F465FC78-BB24-4EF5-825D-A6419F5352EF}.Release|Any CPU.Build.0 = Release|Any CPU
	EndGlobalSection
	GlobalSection(SolutionProperties) = preSolution
		HideSolutionNode = FALSE
	EndGlobalSection
	GlobalSection(ExtensibilityGlobals) = postSolution
		SolutionGuid = {2AC9DE46-6300-471B-A7BD-75A1208B7592}
	EndGlobalSection
EndGlobal
